
Microsoft Visual Studio Solution File, Format Version 12.00
# Visual Studio Version 16
VisualStudioVersion = 16.0.33927.289
MinimumVisualStudioVersion = 10.0.40219.1
Project("{2150E333-8FDC-42A3-9474-1A3956D46DE8}") = "Task0", "Task0", "{CA37B317-21DE-42AA-90C4-45FAC77B90B7}"
EndProject
Project("{FAE04EC0-301F-11D3-BF4B-00C04F79EFBC}") = "Tyuiu.KaidalovIG.Sprint2.Task0.V20", "Tyuiu.KaidalovIG.Sprint2.Task0.V20\Tyuiu.KaidalovIG.Sprint2.Task0.V20.csproj", "{A229345D-5F72-4E35-B8AC-D6C4BD6FE541}"
EndProject
Project("{FAE04EC0-301F-11D3-BF4B-00C04F79EFBC}") = "Tyuiu.KaidalovIG.Sprint2.Task0.V20.Lib", "Tyuiu.KaidalovIG.Sprint2.Task0.V20.Lib\Tyuiu.KaidalovIG.Sprint2.Task0.V20.Lib.csproj", "{A80F9360-69D3-4CB2-91DE-26934C58820F}"
EndProject
Project("{FAE04EC0-301F-11D3-BF4B-00C04F79EFBC}") = "Tyuiu.KaidalovIG.Sprint2.Task0.V20.Test", "Tyuiu.KaidalovIG.Sprint2.Task0.V20.Test\Tyuiu.KaidalovIG.Sprint2.Task0.V20.Test.csproj", "{6C1BD9D6-09FB-41A3-A1E6-8DF4B6939BBA}"
EndProject
Project("{2150E333-8FDC-42A3-9474-1A3956D46DE8}") = "Task1", "Task1", "{83BD9B6A-AC98-4675-B376-D187731CAEBE}"
EndProject
Project("{FAE04EC0-301F-11D3-BF4B-00C04F79EFBC}") = "Tyuiu.KaidalovIG.Sprint2.Task1.V22", "Tyuiu.KaidalovIG.Sprint2.Task1.V22\Tyuiu.KaidalovIG.Sprint2.Task1.V22.csproj", "{E67A119D-511E-4BFE-BAE0-0E9BC205795C}"
EndProject
Project("{FAE04EC0-301F-11D3-BF4B-00C04F79EFBC}") = "Tyuiu.KaidalovIG.Sprint2.Task1.V22.Test", "Tyuiu.KaidalovIG.Sprint2.Task1.V22.Test\Tyuiu.KaidalovIG.Sprint2.Task1.V22.Test.csproj", "{5A68B72B-723B-4C9A-A948-661E01E8C29A}"
EndProject
Project("{FAE04EC0-301F-11D3-BF4B-00C04F79EFBC}") = "Tyuiu.KaidalovIG.Sprint2.Task1.V22.Lib", "Tyuiu.KaidalovIG.Sprint2.Task1.V22.Lib\Tyuiu.KaidalovIG.Sprint2.Task1.V22.Lib.csproj", "{0779999F-C591-4022-9137-61A8E9707C12}"
EndProject
Project("{2150E333-8FDC-42A3-9474-1A3956D46DE8}") = "Task2", "Task2", "{48D0D8D6-C911-4285-A18C-0C77865942C6}"
EndProject
Project("{FAE04EC0-301F-11D3-BF4B-00C04F79EFBC}") = "Tyuiu.KaidalovIG.Sprint2.Task2.V27", "Tyuiu.KaidalovIG.Sprint2.Task2.V27\Tyuiu.KaidalovIG.Sprint2.Task2.V27.csproj", "{DF0CA4AD-780E-4944-9854-F9C4BC1DE7BA}"
EndProject
Project("{FAE04EC0-301F-11D3-BF4B-00C04F79EFBC}") = "Tyuiu.KaidalovIG.Sprint2.Task2.V27.Lib", "Tyuiu.KaidalovIG.Sprint2.Task2.V27.Lib\Tyuiu.KaidalovIG.Sprint2.Task2.V27.Lib.csproj", "{12C0CD12-FA42-4DA7-A019-A0EF7F7AF1C6}"
EndProject
Project("{FAE04EC0-301F-11D3-BF4B-00C04F79EFBC}") = "Tyuiu.KaidalovIG.Sprint2.Task2.V27.Test", "Tyuiu.KaidalovIG.Sprint2.Task2.V27.Test\Tyuiu.KaidalovIG.Sprint2.Task2.V27.Test.csproj", "{5EFE3FC6-262B-4A2B-BD77-B66199352523}"
EndProject
Project("{2150E333-8FDC-42A3-9474-1A3956D46DE8}") = "Task3", "Task3", "{14A253D9-1EE5-45DF-8E1E-E772FC921F07}"
EndProject
Project("{FAE04EC0-301F-11D3-BF4B-00C04F79EFBC}") = "Tyuiu.KaidalovIG.Sprint2.Task3.V21", "Tyuiu.KaidalovIG.Sprint2.Task3.V21\Tyuiu.KaidalovIG.Sprint2.Task3.V21.csproj", "{6904B6B8-84DC-4F48-AACF-B292FA77A1EA}"
EndProject
Project("{FAE04EC0-301F-11D3-BF4B-00C04F79EFBC}") = "Tyuiu.KaidalovIG.Sprint2.Task3.V21.Test", "Tyuiu.KaidalovIG.Sprint2.Task3.V21.Test\Tyuiu.KaidalovIG.Sprint2.Task3.V21.Test.csproj", "{3DA741F9-9120-4774-AB6E-969B54721EC1}"
EndProject
Project("{FAE04EC0-301F-11D3-BF4B-00C04F79EFBC}") = "Tyuiu.KaidalovIG.Sprint2.Task3.V21.Lib", "Tyuiu.KaidalovIG.Sprint2.Task3.V21.Lib\Tyuiu.KaidalovIG.Sprint2.Task3.V21.Lib.csproj", "{FC0804C6-D419-4FA5-B197-D4A0FDEAB4FD}"
EndProject
Project("{2150E333-8FDC-42A3-9474-1A3956D46DE8}") = "Task4", "Task4", "{F1E33F86-9D82-42FE-8FC0-84E86F6A158B}"
EndProject
Project("{FAE04EC0-301F-11D3-BF4B-00C04F79EFBC}") = "Tyuiu.KaidalovIG.Sprint2.Task4.V30", "Tyuiu.KaidalovIG.Sprint2.Task4.V30\Tyuiu.KaidalovIG.Sprint2.Task4.V30.csproj", "{F58562A8-92DE-4106-9312-E4AD66DDF14A}"
EndProject
Project("{FAE04EC0-301F-11D3-BF4B-00C04F79EFBC}") = "Tyuiu.KaidalovIG.Sprint2.Task4.V30.Lib", "Tyuiu.KaidalovIG.Sprint2.Task4.V30.Lib\Tyuiu.KaidalovIG.Sprint2.Task4.V30.Lib.csproj", "{EBBE1552-6CE1-4D1E-8ADD-37C122588A6A}"
EndProject
Project("{FAE04EC0-301F-11D3-BF4B-00C04F79EFBC}") = "Tyuiu.KaidalovIG.Sprint2.Task4.V30.Test", "Tyuiu.KaidalovIG.Sprint2.Task4.V30.Test\Tyuiu.KaidalovIG.Sprint2.Task4.V30.Test.csproj", "{3CEE8381-4E53-4B14-970E-82B1B24A1C7E}"
EndProject
Project("{2150E333-8FDC-42A3-9474-1A3956D46DE8}") = "Task5", "Task5", "{308AB57B-FD4C-4686-B2D6-0C5F8AC0B4FE}"
EndProject
Project("{FAE04EC0-301F-11D3-BF4B-00C04F79EFBC}") = "Tyuiu.KaidalovIG.Sprint2.Task5.V3", "Tyuiu.KaidalovIG.Sprint2.Task5.V3\Tyuiu.KaidalovIG.Sprint2.Task5.V3.csproj", "{2EBE449E-A86E-4B12-BB2C-2878E1B59995}"
EndProject
Project("{FAE04EC0-301F-11D3-BF4B-00C04F79EFBC}") = "Tyuiu.KaidalovIG.Sprint2.Task5.V3.Lib", "Tyuiu.KaidalovIG.Sprint2.Task5.V3.Lib\Tyuiu.KaidalovIG.Sprint2.Task5.V3.Lib.csproj", "{0671D148-F70E-4F5B-A239-879F6FDF7DD2}"
EndProject
Project("{FAE04EC0-301F-11D3-BF4B-00C04F79EFBC}") = "Tyuiu.KaidalovIG.Sprint2.Task5.V3.Test", "Tyuiu.KaidalovIG.Sprint2.Task5.V3.Test\Tyuiu.KaidalovIG.Sprint2.Task5.V3.Test.csproj", "{101D1BBD-ECBA-4DD9-B514-8737930B5C57}"
EndProject
Project("{2150E333-8FDC-42A3-9474-1A3956D46DE8}") = "Task6", "Task6", "{11A23A0A-F57A-41E2-B9A7-543D354CA7F9}"
EndProject
Project("{FAE04EC0-301F-11D3-BF4B-00C04F79EFBC}") = "Tyuiu.KaidalovIG.Sprint2.Task6.V4", "Tyuiu.KaidalovIG.Sprint2.Task6.V4\Tyuiu.KaidalovIG.Sprint2.Task6.V4.csproj", "{14CC4FFA-D298-4E7B-87B8-08CBF5C020F1}"
EndProject
Project("{FAE04EC0-301F-11D3-BF4B-00C04F79EFBC}") = "Tyuiu.KaidalovIG.Sprint2.Task6.V4.Test", "Tyuiu.KaidalovIG.Sprint2.Task6.V4.Test\Tyuiu.KaidalovIG.Sprint2.Task6.V4.Test.csproj", "{D63E5A21-F5D2-43D6-95BF-541B2CE0A49A}"
EndProject
Project("{FAE04EC0-301F-11D3-BF4B-00C04F79EFBC}") = "Tyuiu.KaidalovIG.Sprint2.Task6.V4.Lib", "Tyuiu.KaidalovIG.Sprint2.Task6.V4.Lib\Tyuiu.KaidalovIG.Sprint2.Task6.V4.Lib.csproj", "{08572B75-B0D0-4174-A094-A1B5FEA2439B}"
EndProject
Project("{2150E333-8FDC-42A3-9474-1A3956D46DE8}") = "Task7", "Task7", "{320B8EA5-B0CF-4EEC-B797-1FF8BD93B53C}"
EndProject
Project("{FAE04EC0-301F-11D3-BF4B-00C04F79EFBC}") = "Tyuiu.KaidalovIG.Sprint2.Task7.V11", "Tyuiu.KaidalovIG.Sprint2.Task7.V11\Tyuiu.KaidalovIG.Sprint2.Task7.V11.csproj", "{76673FE8-0283-4B21-9EB7-D22EF7D573AE}"
EndProject
Project("{FAE04EC0-301F-11D3-BF4B-00C04F79EFBC}") = "Tyuiu.KaidalovIG.Sprint2.Task7.V11.Lib", "Tyuiu.KaidalovIG.Sprint2.Task7.V11.Lib\Tyuiu.KaidalovIG.Sprint2.Task7.V11.Lib.csproj", "{1F3DE5CC-2877-42A7-ACDB-30C6D17CE7B4}"
EndProject
Project("{FAE04EC0-301F-11D3-BF4B-00C04F79EFBC}") = "Tyuiu.KaidalovIG.Sprint2.Task7.V11.Test", "Tyuiu.KaidalovIG.Sprint2.Task7.V11.Test\Tyuiu.KaidalovIG.Sprint2.Task7.V11.Test.csproj", "{4545D53B-3543-4922-84FF-7040E8ABA560}"
EndProject
Global
	GlobalSection(SolutionConfigurationPlatforms) = preSolution
		Debug|Any CPU = Debug|Any CPU
		Release|Any CPU = Release|Any CPU
	EndGlobalSection
	GlobalSection(ProjectConfigurationPlatforms) = postSolution
		{A229345D-5F72-4E35-B8AC-D6C4BD6FE541}.Debug|Any CPU.ActiveCfg = Debug|Any CPU
		{A229345D-5F72-4E35-B8AC-D6C4BD6FE541}.Debug|Any CPU.Build.0 = Debug|Any CPU
		{A229345D-5F72-4E35-B8AC-D6C4BD6FE541}.Release|Any CPU.ActiveCfg = Release|Any CPU
		{A229345D-5F72-4E35-B8AC-D6C4BD6FE541}.Release|Any CPU.Build.0 = Release|Any CPU
		{A80F9360-69D3-4CB2-91DE-26934C58820F}.Debug|Any CPU.ActiveCfg = Debug|Any CPU
		{A80F9360-69D3-4CB2-91DE-26934C58820F}.Debug|Any CPU.Build.0 = Debug|Any CPU
		{A80F9360-69D3-4CB2-91DE-26934C58820F}.Release|Any CPU.ActiveCfg = Release|Any CPU
		{A80F9360-69D3-4CB2-91DE-26934C58820F}.Release|Any CPU.Build.0 = Release|Any CPU
		{6C1BD9D6-09FB-41A3-A1E6-8DF4B6939BBA}.Debug|Any CPU.ActiveCfg = Debug|Any CPU
		{6C1BD9D6-09FB-41A3-A1E6-8DF4B6939BBA}.Debug|Any CPU.Build.0 = Debug|Any CPU
		{6C1BD9D6-09FB-41A3-A1E6-8DF4B6939BBA}.Release|Any CPU.ActiveCfg = Release|Any CPU
		{6C1BD9D6-09FB-41A3-A1E6-8DF4B6939BBA}.Release|Any CPU.Build.0 = Release|Any CPU
		{E67A119D-511E-4BFE-BAE0-0E9BC205795C}.Debug|Any CPU.ActiveCfg = Debug|Any CPU
		{E67A119D-511E-4BFE-BAE0-0E9BC205795C}.Debug|Any CPU.Build.0 = Debug|Any CPU
		{E67A119D-511E-4BFE-BAE0-0E9BC205795C}.Release|Any CPU.ActiveCfg = Release|Any CPU
		{E67A119D-511E-4BFE-BAE0-0E9BC205795C}.Release|Any CPU.Build.0 = Release|Any CPU
		{5A68B72B-723B-4C9A-A948-661E01E8C29A}.Debug|Any CPU.ActiveCfg = Debug|Any CPU
		{5A68B72B-723B-4C9A-A948-661E01E8C29A}.Debug|Any CPU.Build.0 = Debug|Any CPU
		{5A68B72B-723B-4C9A-A948-661E01E8C29A}.Release|Any CPU.ActiveCfg = Release|Any CPU
		{5A68B72B-723B-4C9A-A948-661E01E8C29A}.Release|Any CPU.Build.0 = Release|Any CPU
		{0779999F-C591-4022-9137-61A8E9707C12}.Debug|Any CPU.ActiveCfg = Debug|Any CPU
		{0779999F-C591-4022-9137-61A8E9707C12}.Debug|Any CPU.Build.0 = Debug|Any CPU
		{0779999F-C591-4022-9137-61A8E9707C12}.Release|Any CPU.ActiveCfg = Release|Any CPU
		{0779999F-C591-4022-9137-61A8E9707C12}.Release|Any CPU.Build.0 = Release|Any CPU
		{DF0CA4AD-780E-4944-9854-F9C4BC1DE7BA}.Debug|Any CPU.ActiveCfg = Debug|Any CPU
		{DF0CA4AD-780E-4944-9854-F9C4BC1DE7BA}.Debug|Any CPU.Build.0 = Debug|Any CPU
		{DF0CA4AD-780E-4944-9854-F9C4BC1DE7BA}.Release|Any CPU.ActiveCfg = Release|Any CPU
		{DF0CA4AD-780E-4944-9854-F9C4BC1DE7BA}.Release|Any CPU.Build.0 = Release|Any CPU
		{12C0CD12-FA42-4DA7-A019-A0EF7F7AF1C6}.Debug|Any CPU.ActiveCfg = Debug|Any CPU
		{12C0CD12-FA42-4DA7-A019-A0EF7F7AF1C6}.Debug|Any CPU.Build.0 = Debug|Any CPU
		{12C0CD12-FA42-4DA7-A019-A0EF7F7AF1C6}.Release|Any CPU.ActiveCfg = Release|Any CPU
		{12C0CD12-FA42-4DA7-A019-A0EF7F7AF1C6}.Release|Any CPU.Build.0 = Release|Any CPU
		{5EFE3FC6-262B-4A2B-BD77-B66199352523}.Debug|Any CPU.ActiveCfg = Debug|Any CPU
		{5EFE3FC6-262B-4A2B-BD77-B66199352523}.Debug|Any CPU.Build.0 = Debug|Any CPU
		{5EFE3FC6-262B-4A2B-BD77-B66199352523}.Release|Any CPU.ActiveCfg = Release|Any CPU
		{5EFE3FC6-262B-4A2B-BD77-B66199352523}.Release|Any CPU.Build.0 = Release|Any CPU
		{6904B6B8-84DC-4F48-AACF-B292FA77A1EA}.Debug|Any CPU.ActiveCfg = Debug|Any CPU
		{6904B6B8-84DC-4F48-AACF-B292FA77A1EA}.Debug|Any CPU.Build.0 = Debug|Any CPU
		{6904B6B8-84DC-4F48-AACF-B292FA77A1EA}.Release|Any CPU.ActiveCfg = Release|Any CPU
		{6904B6B8-84DC-4F48-AACF-B292FA77A1EA}.Release|Any CPU.Build.0 = Release|Any CPU
		{3DA741F9-9120-4774-AB6E-969B54721EC1}.Debug|Any CPU.ActiveCfg = Debug|Any CPU
		{3DA741F9-9120-4774-AB6E-969B54721EC1}.Debug|Any CPU.Build.0 = Debug|Any CPU
		{3DA741F9-9120-4774-AB6E-969B54721EC1}.Release|Any CPU.ActiveCfg = Release|Any CPU
		{3DA741F9-9120-4774-AB6E-969B54721EC1}.Release|Any CPU.Build.0 = Release|Any CPU
		{FC0804C6-D419-4FA5-B197-D4A0FDEAB4FD}.Debug|Any CPU.ActiveCfg = Debug|Any CPU
		{FC0804C6-D419-4FA5-B197-D4A0FDEAB4FD}.Debug|Any CPU.Build.0 = Debug|Any CPU
		{FC0804C6-D419-4FA5-B197-D4A0FDEAB4FD}.Release|Any CPU.ActiveCfg = Release|Any CPU
		{FC0804C6-D419-4FA5-B197-D4A0FDEAB4FD}.Release|Any CPU.Build.0 = Release|Any CPU
		{F58562A8-92DE-4106-9312-E4AD66DDF14A}.Debug|Any CPU.ActiveCfg = Debug|Any CPU
		{F58562A8-92DE-4106-9312-E4AD66DDF14A}.Debug|Any CPU.Build.0 = Debug|Any CPU
		{F58562A8-92DE-4106-9312-E4AD66DDF14A}.Release|Any CPU.ActiveCfg = Release|Any CPU
		{F58562A8-92DE-4106-9312-E4AD66DDF14A}.Release|Any CPU.Build.0 = Release|Any CPU
		{EBBE1552-6CE1-4D1E-8ADD-37C122588A6A}.Debug|Any CPU.ActiveCfg = Debug|Any CPU
		{EBBE1552-6CE1-4D1E-8ADD-37C122588A6A}.Debug|Any CPU.Build.0 = Debug|Any CPU
		{EBBE1552-6CE1-4D1E-8ADD-37C122588A6A}.Release|Any CPU.ActiveCfg = Release|Any CPU
		{EBBE1552-6CE1-4D1E-8ADD-37C122588A6A}.Release|Any CPU.Build.0 = Release|Any CPU
		{3CEE8381-4E53-4B14-970E-82B1B24A1C7E}.Debug|Any CPU.ActiveCfg = Debug|Any CPU
		{3CEE8381-4E53-4B14-970E-82B1B24A1C7E}.Debug|Any CPU.Build.0 = Debug|Any CPU
		{3CEE8381-4E53-4B14-970E-82B1B24A1C7E}.Release|Any CPU.ActiveCfg = Release|Any CPU
		{3CEE8381-4E53-4B14-970E-82B1B24A1C7E}.Release|Any CPU.Build.0 = Release|Any CPU
		{2EBE449E-A86E-4B12-BB2C-2878E1B59995}.Debug|Any CPU.ActiveCfg = Debug|Any CPU
		{2EBE449E-A86E-4B12-BB2C-2878E1B59995}.Debug|Any CPU.Build.0 = Debug|Any CPU
		{2EBE449E-A86E-4B12-BB2C-2878E1B59995}.Release|Any CPU.ActiveCfg = Release|Any CPU
		{2EBE449E-A86E-4B12-BB2C-2878E1B59995}.Release|Any CPU.Build.0 = Release|Any CPU
		{0671D148-F70E-4F5B-A239-879F6FDF7DD2}.Debug|Any CPU.ActiveCfg = Debug|Any CPU
		{0671D148-F70E-4F5B-A239-879F6FDF7DD2}.Debug|Any CPU.Build.0 = Debug|Any CPU
		{0671D148-F70E-4F5B-A239-879F6FDF7DD2}.Release|Any CPU.ActiveCfg = Release|Any CPU
		{0671D148-F70E-4F5B-A239-879F6FDF7DD2}.Release|Any CPU.Build.0 = Release|Any CPU
		{101D1BBD-ECBA-4DD9-B514-8737930B5C57}.Debug|Any CPU.ActiveCfg = Debug|Any CPU
		{101D1BBD-ECBA-4DD9-B514-8737930B5C57}.Debug|Any CPU.Build.0 = Debug|Any CPU
		{101D1BBD-ECBA-4DD9-B514-8737930B5C57}.Release|Any CPU.ActiveCfg = Release|Any CPU
		{101D1BBD-ECBA-4DD9-B514-8737930B5C57}.Release|Any CPU.Build.0 = Release|Any CPU
		{14CC4FFA-D298-4E7B-87B8-08CBF5C020F1}.Debug|Any CPU.ActiveCfg = Debug|Any CPU
		{14CC4FFA-D298-4E7B-87B8-08CBF5C020F1}.Debug|Any CPU.Build.0 = Debug|Any CPU
		{14CC4FFA-D298-4E7B-87B8-08CBF5C020F1}.Release|Any CPU.ActiveCfg = Release|Any CPU
		{14CC4FFA-D298-4E7B-87B8-08CBF5C020F1}.Release|Any CPU.Build.0 = Release|Any CPU
		{D63E5A21-F5D2-43D6-95BF-541B2CE0A49A}.Debug|Any CPU.ActiveCfg = Debug|Any CPU
		{D63E5A21-F5D2-43D6-95BF-541B2CE0A49A}.Debug|Any CPU.Build.0 = Debug|Any CPU
		{D63E5A21-F5D2-43D6-95BF-541B2CE0A49A}.Release|Any CPU.ActiveCfg = Release|Any CPU
		{D63E5A21-F5D2-43D6-95BF-541B2CE0A49A}.Release|Any CPU.Build.0 = Release|Any CPU
		{08572B75-B0D0-4174-A094-A1B5FEA2439B}.Debug|Any CPU.ActiveCfg = Debug|Any CPU
		{08572B75-B0D0-4174-A094-A1B5FEA2439B}.Debug|Any CPU.Build.0 = Debug|Any CPU
		{08572B75-B0D0-4174-A094-A1B5FEA2439B}.Release|Any CPU.ActiveCfg = Release|Any CPU
		{08572B75-B0D0-4174-A094-A1B5FEA2439B}.Release|Any CPU.Build.0 = Release|Any CPU
		{76673FE8-0283-4B21-9EB7-D22EF7D573AE}.Debug|Any CPU.ActiveCfg = Debug|Any CPU
		{76673FE8-0283-4B21-9EB7-D22EF7D573AE}.Debug|Any CPU.Build.0 = Debug|Any CPU
		{76673FE8-0283-4B21-9EB7-D22EF7D573AE}.Release|Any CPU.ActiveCfg = Release|Any CPU
		{76673FE8-0283-4B21-9EB7-D22EF7D573AE}.Release|Any CPU.Build.0 = Release|Any CPU
		{1F3DE5CC-2877-42A7-ACDB-30C6D17CE7B4}.Debug|Any CPU.ActiveCfg = Debug|Any CPU
		{1F3DE5CC-2877-42A7-ACDB-30C6D17CE7B4}.Debug|Any CPU.Build.0 = Debug|Any CPU
		{1F3DE5CC-2877-42A7-ACDB-30C6D17CE7B4}.Release|Any CPU.ActiveCfg = Release|Any CPU
		{1F3DE5CC-2877-42A7-ACDB-30C6D17CE7B4}.Release|Any CPU.Build.0 = Release|Any CPU
		{4545D53B-3543-4922-84FF-7040E8ABA560}.Debug|Any CPU.ActiveCfg = Debug|Any CPU
		{4545D53B-3543-4922-84FF-7040E8ABA560}.Debug|Any CPU.Build.0 = Debug|Any CPU
		{4545D53B-3543-4922-84FF-7040E8ABA560}.Release|Any CPU.ActiveCfg = Release|Any CPU
		{4545D53B-3543-4922-84FF-7040E8ABA560}.Release|Any CPU.Build.0 = Release|Any CPU
	EndGlobalSection
	GlobalSection(SolutionProperties) = preSolution
		HideSolutionNode = FALSE
	EndGlobalSection
	GlobalSection(NestedProjects) = preSolution
		{A229345D-5F72-4E35-B8AC-D6C4BD6FE541} = {CA37B317-21DE-42AA-90C4-45FAC77B90B7}
		{A80F9360-69D3-4CB2-91DE-26934C58820F} = {CA37B317-21DE-42AA-90C4-45FAC77B90B7}
		{6C1BD9D6-09FB-41A3-A1E6-8DF4B6939BBA} = {CA37B317-21DE-42AA-90C4-45FAC77B90B7}
		{E67A119D-511E-4BFE-BAE0-0E9BC205795C} = {83BD9B6A-AC98-4675-B376-D187731CAEBE}
		{5A68B72B-723B-4C9A-A948-661E01E8C29A} = {83BD9B6A-AC98-4675-B376-D187731CAEBE}
		{0779999F-C591-4022-9137-61A8E9707C12} = {83BD9B6A-AC98-4675-B376-D187731CAEBE}
		{DF0CA4AD-780E-4944-9854-F9C4BC1DE7BA} = {48D0D8D6-C911-4285-A18C-0C77865942C6}
		{12C0CD12-FA42-4DA7-A019-A0EF7F7AF1C6} = {48D0D8D6-C911-4285-A18C-0C77865942C6}
		{5EFE3FC6-262B-4A2B-BD77-B66199352523} = {48D0D8D6-C911-4285-A18C-0C77865942C6}
		{6904B6B8-84DC-4F48-AACF-B292FA77A1EA} = {14A253D9-1EE5-45DF-8E1E-E772FC921F07}
		{3DA741F9-9120-4774-AB6E-969B54721EC1} = {14A253D9-1EE5-45DF-8E1E-E772FC921F07}
		{FC0804C6-D419-4FA5-B197-D4A0FDEAB4FD} = {14A253D9-1EE5-45DF-8E1E-E772FC921F07}
		{F58562A8-92DE-4106-9312-E4AD66DDF14A} = {F1E33F86-9D82-42FE-8FC0-84E86F6A158B}
		{EBBE1552-6CE1-4D1E-8ADD-37C122588A6A} = {F1E33F86-9D82-42FE-8FC0-84E86F6A158B}
		{3CEE8381-4E53-4B14-970E-82B1B24A1C7E} = {F1E33F86-9D82-42FE-8FC0-84E86F6A158B}
		{2EBE449E-A86E-4B12-BB2C-2878E1B59995} = {308AB57B-FD4C-4686-B2D6-0C5F8AC0B4FE}
		{0671D148-F70E-4F5B-A239-879F6FDF7DD2} = {308AB57B-FD4C-4686-B2D6-0C5F8AC0B4FE}
		{101D1BBD-ECBA-4DD9-B514-8737930B5C57} = {308AB57B-FD4C-4686-B2D6-0C5F8AC0B4FE}
		{14CC4FFA-D298-4E7B-87B8-08CBF5C020F1} = {11A23A0A-F57A-41E2-B9A7-543D354CA7F9}
		{D63E5A21-F5D2-43D6-95BF-541B2CE0A49A} = {11A23A0A-F57A-41E2-B9A7-543D354CA7F9}
		{08572B75-B0D0-4174-A094-A1B5FEA2439B} = {11A23A0A-F57A-41E2-B9A7-543D354CA7F9}
		{76673FE8-0283-4B21-9EB7-D22EF7D573AE} = {320B8EA5-B0CF-4EEC-B797-1FF8BD93B53C}
		{1F3DE5CC-2877-42A7-ACDB-30C6D17CE7B4} = {320B8EA5-B0CF-4EEC-B797-1FF8BD93B53C}
		{4545D53B-3543-4922-84FF-7040E8ABA560} = {320B8EA5-B0CF-4EEC-B797-1FF8BD93B53C}
	EndGlobalSection
	GlobalSection(ExtensibilityGlobals) = postSolution
		SolutionGuid = {11B31B93-5DD6-4AAC-BE60-29F797A4FE39}
	EndGlobalSection
EndGlobal
