
Microsoft Visual Studio Solution File, Format Version 12.00
# Visual Studio Version 16
VisualStudioVersion = 16.0.33927.289
MinimumVisualStudioVersion = 10.0.40219.1
Project("{2150E333-8FDC-42A3-9474-1A3956D46DE8}") = "Task0", "Task0", "{CA37B317-21DE-42AA-90C4-45FAC77B90B7}"
EndProject
Project("{FAE04EC0-301F-11D3-BF4B-00C04F79EFBC}") = "Tyuiu.KaidalovIG.Sprint2.Task0.V20", "Tyuiu.KaidalovIG.Sprint2.Task0.V20\Tyuiu.KaidalovIG.Sprint2.Task0.V20.csproj", "{A229345D-5F72-4E35-B8AC-D6C4BD6FE541}"
EndProject
Project("{FAE04EC0-301F-11D3-BF4B-00C04F79EFBC}") = "Tyuiu.KaidalovIG.Sprint2.Task0.V20.Lib", "Tyuiu.KaidalovIG.Sprint2.Task0.V20.Lib\Tyuiu.KaidalovIG.Sprint2.Task0.V20.Lib.csproj", "{A80F9360-69D3-4CB2-91DE-26934C58820F}"
EndProject
Project("{FAE04EC0-301F-11D3-BF4B-00C04F79EFBC}") = "Tyuiu.KaidalovIG.Sprint2.Task0.V20.Test", "Tyuiu.KaidalovIG.Sprint2.Task0.V20.Test\Tyuiu.KaidalovIG.Sprint2.Task0.V20.Test.csproj", "{6C1BD9D6-09FB-41A3-A1E6-8DF4B6939BBA}"
EndProject
Project("{2150E333-8FDC-42A3-9474-1A3956D46DE8}") = "Task1", "Task1", "{83BD9B6A-AC98-4675-B376-D187731CAEBE}"
EndProject
Project("{FAE04EC0-301F-11D3-BF4B-00C04F79EFBC}") = "Tyuiu.KaidalovIG.Sprint2.Task1.V22", "Tyuiu.KaidalovIG.Sprint2.Task1.V22\Tyuiu.KaidalovIG.Sprint2.Task1.V22.csproj", "{E67A119D-511E-4BFE-BAE0-0E9BC205795C}"
EndProject
Project("{FAE04EC0-301F-11D3-BF4B-00C04F79EFBC}") = "Tyuiu.KaidalovIG.Sprint2.Task1.V22.Test", "Tyuiu.KaidalovIG.Sprint2.Task1.V22.Test\Tyuiu.KaidalovIG.Sprint2.Task1.V22.Test.csproj", "{5A68B72B-723B-4C9A-A948-661E01E8C29A}"
EndProject
Project("{FAE04EC0-301F-11D3-BF4B-00C04F79EFBC}") = "Tyuiu.KaidalovIG.Sprint2.Task1.V22.Lib", "Tyuiu.KaidalovIG.Sprint2.Task1.V22.Lib\Tyuiu.KaidalovIG.Sprint2.Task1.V22.Lib.csproj", "{0779999F-C591-4022-9137-61A8E9707C12}"
EndProject
Project("{2150E333-8FDC-42A3-9474-1A3956D46DE8}") = "Task2", "Task2", "{48D0D8D6-C911-4285-A18C-0C77865942C6}"
EndProject
Project("{FAE04EC0-301F-11D3-BF4B-00C04F79EFBC}") = "Tyuiu.KaidalovIG.Sprint2.Task2.V27", "Tyuiu.KaidalovIG.Sprint2.Task2.V27\Tyuiu.KaidalovIG.Sprint2.Task2.V27.csproj", "{DF0CA4AD-780E-4944-9854-F9C4BC1DE7BA}"
EndProject
Project("{FAE04EC0-301F-11D3-BF4B-00C04F79EFBC}") = "Tyuiu.KaidalovIG.Sprint2.Task2.V27.Lib", "Tyuiu.KaidalovIG.Sprint2.Task2.V27.Lib\Tyuiu.KaidalovIG.Sprint2.Task2.V27.Lib.csproj", "{12C0CD12-FA42-4DA7-A019-A0EF7F7AF1C6}"
EndProject
Project("{FAE04EC0-301F-11D3-BF4B-00C04F79EFBC}") = "Tyuiu.KaidalovIG.Sprint2.Task2.V27.Test", "Tyuiu.KaidalovIG.Sprint2.Task2.V27.Test\Tyuiu.KaidalovIG.Sprint2.Task2.V27.Test.csproj", "{5EFE3FC6-262B-4A2B-BD77-B66199352523}"
EndProject
Project("{2150E333-8FDC-42A3-9474-1A3956D46DE8}") = "Task3", "Task3", "{14A253D9-1EE5-45DF-8E1E-E772FC921F07}"
EndProject
Project("{FAE04EC0-301F-11D3-BF4B-00C04F79EFBC}") = "Tyuiu.KaidalovIG.Sprint2.Task3.V21", "Tyuiu.KaidalovIG.Sprint2.Task3.V21\Tyuiu.KaidalovIG.Sprint2.Task3.V21.csproj", "{6904B6B8-84DC-4F48-AACF-B292FA77A1EA}"
EndProject
Project("{FAE04EC0-301F-11D3-BF4B-00C04F79EFBC}") = "Tyuiu.KaidalovIG.Sprint2.Task3.V21.Test", "Tyuiu.KaidalovIG.Sprint2.Task3.V21.Test\Tyuiu.KaidalovIG.Sprint2.Task3.V21.Test.csproj", "{3DA741F9-9120-4774-AB6E-969B54721EC1}"
EndProject
Project("{FAE04EC0-301F-11D3-BF4B-00C04F79EFBC}") = "Tyuiu.KaidalovIG.Sprint2.Task3.V21.Lib", "Tyuiu.KaidalovIG.Sprint2.Task3.V21.Lib\Tyuiu.KaidalovIG.Sprint2.Task3.V21.Lib.csproj", "{FC0804C6-D419-4FA5-B197-D4A0FDEAB4FD}"
EndProject
Global
	GlobalSection(SolutionConfigurationPlatforms) = preSolution
		Debug|Any CPU = Debug|Any CPU
		Release|Any CPU = Release|Any CPU
	EndGlobalSection
	GlobalSection(ProjectConfigurationPlatforms) = postSolution
		{A229345D-5F72-4E35-B8AC-D6C4BD6FE541}.Debug|Any CPU.ActiveCfg = Debug|Any CPU
		{A229345D-5F72-4E35-B8AC-D6C4BD6FE541}.Debug|Any CPU.Build.0 = Debug|Any CPU
		{A229345D-5F72-4E35-B8AC-D6C4BD6FE541}.Release|Any CPU.ActiveCfg = Release|Any CPU
		{A229345D-5F72-4E35-B8AC-D6C4BD6FE541}.Release|Any CPU.Build.0 = Release|Any CPU
		{A80F9360-69D3-4CB2-91DE-26934C58820F}.Debug|Any CPU.ActiveCfg = Debug|Any CPU
		{A80F9360-69D3-4CB2-91DE-26934C58820F}.Debug|Any CPU.Build.0 = Debug|Any CPU
		{A80F9360-69D3-4CB2-91DE-26934C58820F}.Release|Any CPU.ActiveCfg = Release|Any CPU
		{A80F9360-69D3-4CB2-91DE-26934C58820F}.Release|Any CPU.Build.0 = Release|Any CPU
		{6C1BD9D6-09FB-41A3-A1E6-8DF4B6939BBA}.Debug|Any CPU.ActiveCfg = Debug|Any CPU
		{6C1BD9D6-09FB-41A3-A1E6-8DF4B6939BBA}.Debug|Any CPU.Build.0 = Debug|Any CPU
		{6C1BD9D6-09FB-41A3-A1E6-8DF4B6939BBA}.Release|Any CPU.ActiveCfg = Release|Any CPU
		{6C1BD9D6-09FB-41A3-A1E6-8DF4B6939BBA}.Release|Any CPU.Build.0 = Release|Any CPU
		{E67A119D-511E-4BFE-BAE0-0E9BC205795C}.Debug|Any CPU.ActiveCfg = Debug|Any CPU
		{E67A119D-511E-4BFE-BAE0-0E9BC205795C}.Debug|Any CPU.Build.0 = Debug|Any CPU
		{E67A119D-511E-4BFE-BAE0-0E9BC205795C}.Release|Any CPU.ActiveCfg = Release|Any CPU
		{E67A119D-511E-4BFE-BAE0-0E9BC205795C}.Release|Any CPU.Build.0 = Release|Any CPU
		{5A68B72B-723B-4C9A-A948-661E01E8C29A}.Debug|Any CPU.ActiveCfg = Debug|Any CPU
		{5A68B72B-723B-4C9A-A948-661E01E8C29A}.Debug|Any CPU.Build.0 = Debug|Any CPU
		{5A68B72B-723B-4C9A-A948-661E01E8C29A}.Release|Any CPU.ActiveCfg = Release|Any CPU
		{5A68B72B-723B-4C9A-A948-661E01E8C29A}.Release|Any CPU.Build.0 = Release|Any CPU
		{0779999F-C591-4022-9137-61A8E9707C12}.Debug|Any CPU.ActiveCfg = Debug|Any CPU
		{0779999F-C591-4022-9137-61A8E9707C12}.Debug|Any CPU.Build.0 = Debug|Any CPU
		{0779999F-C591-4022-9137-61A8E9707C12}.Release|Any CPU.ActiveCfg = Release|Any CPU
		{0779999F-C591-4022-9137-61A8E9707C12}.Release|Any CPU.Build.0 = Release|Any CPU
		{DF0CA4AD-780E-4944-9854-F9C4BC1DE7BA}.Debug|Any CPU.ActiveCfg = Debug|Any CPU
		{DF0CA4AD-780E-4944-9854-F9C4BC1DE7BA}.Debug|Any CPU.Build.0 = Debug|Any CPU
		{DF0CA4AD-780E-4944-9854-F9C4BC1DE7BA}.Release|Any CPU.ActiveCfg = Release|Any CPU
		{DF0CA4AD-780E-4944-9854-F9C4BC1DE7BA}.Release|Any CPU.Build.0 = Release|Any CPU
		{12C0CD12-FA42-4DA7-A019-A0EF7F7AF1C6}.Debug|Any CPU.ActiveCfg = Debug|Any CPU
		{12C0CD12-FA42-4DA7-A019-A0EF7F7AF1C6}.Debug|Any CPU.Build.0 = Debug|Any CPU
		{12C0CD12-FA42-4DA7-A019-A0EF7F7AF1C6}.Release|Any CPU.ActiveCfg = Release|Any CPU
		{12C0CD12-FA42-4DA7-A019-A0EF7F7AF1C6}.Release|Any CPU.Build.0 = Release|Any CPU
		{5EFE3FC6-262B-4A2B-BD77-B66199352523}.Debug|Any CPU.ActiveCfg = Debug|Any CPU
		{5EFE3FC6-262B-4A2B-BD77-B66199352523}.Debug|Any CPU.Build.0 = Debug|Any CPU
		{5EFE3FC6-262B-4A2B-BD77-B66199352523}.Release|Any CPU.ActiveCfg = Release|Any CPU
		{5EFE3FC6-262B-4A2B-BD77-B66199352523}.Release|Any CPU.Build.0 = Release|Any CPU
		{6904B6B8-84DC-4F48-AACF-B292FA77A1EA}.Debug|Any CPU.ActiveCfg = Debug|Any CPU
		{6904B6B8-84DC-4F48-AACF-B292FA77A1EA}.Debug|Any CPU.Build.0 = Debug|Any CPU
		{6904B6B8-84DC-4F48-AACF-B292FA77A1EA}.Release|Any CPU.ActiveCfg = Release|Any CPU
		{6904B6B8-84DC-4F48-AACF-B292FA77A1EA}.Release|Any CPU.Build.0 = Release|Any CPU
		{3DA741F9-9120-4774-AB6E-969B54721EC1}.Debug|Any CPU.ActiveCfg = Debug|Any CPU
		{3DA741F9-9120-4774-AB6E-969B54721EC1}.Debug|Any CPU.Build.0 = Debug|Any CPU
		{3DA741F9-9120-4774-AB6E-969B54721EC1}.Release|Any CPU.ActiveCfg = Release|Any CPU
		{3DA741F9-9120-4774-AB6E-969B54721EC1}.Release|Any CPU.Build.0 = Release|Any CPU
		{FC0804C6-D419-4FA5-B197-D4A0FDEAB4FD}.Debug|Any CPU.ActiveCfg = Debug|Any CPU
		{FC0804C6-D419-4FA5-B197-D4A0FDEAB4FD}.Debug|Any CPU.Build.0 = Debug|Any CPU
		{FC0804C6-D419-4FA5-B197-D4A0FDEAB4FD}.Release|Any CPU.ActiveCfg = Release|Any CPU
		{FC0804C6-D419-4FA5-B197-D4A0FDEAB4FD}.Release|Any CPU.Build.0 = Release|Any CPU
	EndGlobalSection
	GlobalSection(SolutionProperties) = preSolution
		HideSolutionNode = FALSE
	EndGlobalSection
	GlobalSection(NestedProjects) = preSolution
		{A229345D-5F72-4E35-B8AC-D6C4BD6FE541} = {CA37B317-21DE-42AA-90C4-45FAC77B90B7}
		{A80F9360-69D3-4CB2-91DE-26934C58820F} = {CA37B317-21DE-42AA-90C4-45FAC77B90B7}
		{6C1BD9D6-09FB-41A3-A1E6-8DF4B6939BBA} = {CA37B317-21DE-42AA-90C4-45FAC77B90B7}
		{E67A119D-511E-4BFE-BAE0-0E9BC205795C} = {83BD9B6A-AC98-4675-B376-D187731CAEBE}
		{5A68B72B-723B-4C9A-A948-661E01E8C29A} = {83BD9B6A-AC98-4675-B376-D187731CAEBE}
		{0779999F-C591-4022-9137-61A8E9707C12} = {83BD9B6A-AC98-4675-B376-D187731CAEBE}
		{DF0CA4AD-780E-4944-9854-F9C4BC1DE7BA} = {48D0D8D6-C911-4285-A18C-0C77865942C6}
		{12C0CD12-FA42-4DA7-A019-A0EF7F7AF1C6} = {48D0D8D6-C911-4285-A18C-0C77865942C6}
		{5EFE3FC6-262B-4A2B-BD77-B66199352523} = {48D0D8D6-C911-4285-A18C-0C77865942C6}
		{6904B6B8-84DC-4F48-AACF-B292FA77A1EA} = {14A253D9-1EE5-45DF-8E1E-E772FC921F07}
		{3DA741F9-9120-4774-AB6E-969B54721EC1} = {14A253D9-1EE5-45DF-8E1E-E772FC921F07}
		{FC0804C6-D419-4FA5-B197-D4A0FDEAB4FD} = {14A253D9-1EE5-45DF-8E1E-E772FC921F07}
	EndGlobalSection
	GlobalSection(ExtensibilityGlobals) = postSolution
		SolutionGuid = {11B31B93-5DD6-4AAC-BE60-29F797A4FE39}
	EndGlobalSection
EndGlobal
